// !$*UTF8*$!
{
	archiveVersion = 1;
	classes = {
	};
	objectVersion = 50;
	objects = {

/* Begin PBXBuildFile section */
		897299A226D807F800F5E319 /* LoginResponse.swift in Sources */ = {isa = PBXBuildFile; fileRef = 8972999F26D807F800F5E319 /* LoginResponse.swift */; };
		897299A426D807F900F5E319 /* ArtworkResponse.swift in Sources */ = {isa = PBXBuildFile; fileRef = 897299A026D807F800F5E319 /* ArtworkResponse.swift */; };
		897299A626D807F900F5E319 /* GameResponse.swift in Sources */ = {isa = PBXBuildFile; fileRef = 897299A126D807F800F5E319 /* GameResponse.swift */; };
		897299AA26D8080D00F5E319 /* IGDBRoutes.swift in Sources */ = {isa = PBXBuildFile; fileRef = 897299A826D8080D00F5E319 /* IGDBRoutes.swift */; };
		897299AB26D8080D00F5E319 /* Routable.swift in Sources */ = {isa = PBXBuildFile; fileRef = 897299A926D8080D00F5E319 /* Routable.swift */; };
		897299AE26D8082A00F5E319 /* AuthManager.swift in Sources */ = {isa = PBXBuildFile; fileRef = 897299AC26D8082A00F5E319 /* AuthManager.swift */; };
		897299AF26D8082A00F5E319 /* HTTPRequest.swift in Sources */ = {isa = PBXBuildFile; fileRef = 897299AD26D8082A00F5E319 /* HTTPRequest.swift */; };
		E2310C9E26D9458300EE74EF /* HTTPRequest.swift in Sources */ = {isa = PBXBuildFile; fileRef = 897299AD26D8082A00F5E319 /* HTTPRequest.swift */; };
		E2310C9F26D9458700EE74EF /* ArtworkResponse.swift in Sources */ = {isa = PBXBuildFile; fileRef = 897299A026D807F800F5E319 /* ArtworkResponse.swift */; };
		E2310CA026D9459000EE74EF /* IGDBRoutes.swift in Sources */ = {isa = PBXBuildFile; fileRef = 897299A826D8080D00F5E319 /* IGDBRoutes.swift */; };
		E2310CA126D9469700EE74EF /* AuthManager.swift in Sources */ = {isa = PBXBuildFile; fileRef = 897299AC26D8082A00F5E319 /* AuthManager.swift */; };
		E2310CA226D9469B00EE74EF /* LoginResponse.swift in Sources */ = {isa = PBXBuildFile; fileRef = 8972999F26D807F800F5E319 /* LoginResponse.swift */; };
		E2310CA326D9469E00EE74EF /* Routable.swift in Sources */ = {isa = PBXBuildFile; fileRef = 897299A926D8080D00F5E319 /* Routable.swift */; };
		E2310CAB26D94F6B00EE74EF /* NetworkManager.swift in Sources */ = {isa = PBXBuildFile; fileRef = E2310CAA26D94F6B00EE74EF /* NetworkManager.swift */; };
		E2310CAC26D94F7400EE74EF /* NetworkManager.swift in Sources */ = {isa = PBXBuildFile; fileRef = E2310CAA26D94F6B00EE74EF /* NetworkManager.swift */; };
		E2310CAE26D94FF000EE74EF /* ImageLoader.swift in Sources */ = {isa = PBXBuildFile; fileRef = E2310CAD26D94FF000EE74EF /* ImageLoader.swift */; };
		E2310CB126D96D3500EE74EF /* Collection+Choose.swift in Sources */ = {isa = PBXBuildFile; fileRef = E2310CB026D96D3400EE74EF /* Collection+Choose.swift */; };
		E2310CB226D96DD100EE74EF /* Collection+Choose.swift in Sources */ = {isa = PBXBuildFile; fileRef = E2310CB026D96D3400EE74EF /* Collection+Choose.swift */; };
		E238253326D6CB760079D45C /* WidgetKit.framework in Frameworks */ = {isa = PBXBuildFile; fileRef = E238253226D6CB760079D45C /* WidgetKit.framework */; };
		E238253526D6CB760079D45C /* SwiftUI.framework in Frameworks */ = {isa = PBXBuildFile; fileRef = E238253426D6CB760079D45C /* SwiftUI.framework */; };
		E238253826D6CB760079D45C /* myWidget.swift in Sources */ = {isa = PBXBuildFile; fileRef = E238253726D6CB760079D45C /* myWidget.swift */; };
		E238253B26D6CB770079D45C /* Assets.xcassets in Resources */ = {isa = PBXBuildFile; fileRef = E238253A26D6CB770079D45C /* Assets.xcassets */; };
		E238253D26D6CB770079D45C /* myWidget.intentdefinition in Sources */ = {isa = PBXBuildFile; fileRef = E238253926D6CB760079D45C /* myWidget.intentdefinition */; };
		E238253E26D6CB770079D45C /* myWidget.intentdefinition in Sources */ = {isa = PBXBuildFile; fileRef = E238253926D6CB760079D45C /* myWidget.intentdefinition */; };
		E238254126D6CB770079D45C /* myWidgetExtension.appex in Embed App Extensions */ = {isa = PBXBuildFile; fileRef = E238253026D6CB760079D45C /* myWidgetExtension.appex */; settings = {ATTRIBUTES = (RemoveHeadersOnCopy, ); }; };
		E262388E26D8EC4E00AC6873 /* GameResponse.swift in Sources */ = {isa = PBXBuildFile; fileRef = 897299A126D807F800F5E319 /* GameResponse.swift */; };
		E2700FA726D973A0000C710D /* Assets.xcassets in Resources */ = {isa = PBXBuildFile; fileRef = E2D3ACD626D55DFA0096DFCB /* Assets.xcassets */; };
		E2D3ACD326D55DF90096DFCB /* widgetTestApp.swift in Sources */ = {isa = PBXBuildFile; fileRef = E2D3ACD226D55DF90096DFCB /* widgetTestApp.swift */; };
		E2D3ACD526D55DF90096DFCB /* ContentView.swift in Sources */ = {isa = PBXBuildFile; fileRef = E2D3ACD426D55DF90096DFCB /* ContentView.swift */; };
		E2D3ACD726D55DFA0096DFCB /* Assets.xcassets in Resources */ = {isa = PBXBuildFile; fileRef = E2D3ACD626D55DFA0096DFCB /* Assets.xcassets */; };
		E2D3ACDA26D55DFA0096DFCB /* Preview Assets.xcassets in Resources */ = {isa = PBXBuildFile; fileRef = E2D3ACD926D55DFA0096DFCB /* Preview Assets.xcassets */; };
/* End PBXBuildFile section */

/* Begin PBXContainerItemProxy section */
		E238253F26D6CB770079D45C /* PBXContainerItemProxy */ = {
			isa = PBXContainerItemProxy;
			containerPortal = E2D3ACC726D55DF90096DFCB /* Project object */;
			proxyType = 1;
			remoteGlobalIDString = E238252F26D6CB760079D45C;
			remoteInfo = myWidgetExtension;
		};
/* End PBXContainerItemProxy section */

/* Begin PBXCopyFilesBuildPhase section */
		E238254526D6CB770079D45C /* Embed App Extensions */ = {
			isa = PBXCopyFilesBuildPhase;
			buildActionMask = 2147483647;
			dstPath = "";
			dstSubfolderSpec = 13;
			files = (
				E238254126D6CB770079D45C /* myWidgetExtension.appex in Embed App Extensions */,
			);
			name = "Embed App Extensions";
			runOnlyForDeploymentPostprocessing = 0;
		};
/* End PBXCopyFilesBuildPhase section */

/* Begin PBXFileReference section */
		8972999F26D807F800F5E319 /* LoginResponse.swift */ = {isa = PBXFileReference; fileEncoding = 4; lastKnownFileType = sourcecode.swift; path = LoginResponse.swift; sourceTree = "<group>"; };
		897299A026D807F800F5E319 /* ArtworkResponse.swift */ = {isa = PBXFileReference; fileEncoding = 4; lastKnownFileType = sourcecode.swift; path = ArtworkResponse.swift; sourceTree = "<group>"; };
		897299A126D807F800F5E319 /* GameResponse.swift */ = {isa = PBXFileReference; fileEncoding = 4; lastKnownFileType = sourcecode.swift; path = GameResponse.swift; sourceTree = "<group>"; };
		897299A826D8080D00F5E319 /* IGDBRoutes.swift */ = {isa = PBXFileReference; fileEncoding = 4; lastKnownFileType = sourcecode.swift; path = IGDBRoutes.swift; sourceTree = "<group>"; };
		897299A926D8080D00F5E319 /* Routable.swift */ = {isa = PBXFileReference; fileEncoding = 4; lastKnownFileType = sourcecode.swift; path = Routable.swift; sourceTree = "<group>"; };
		897299AC26D8082A00F5E319 /* AuthManager.swift */ = {isa = PBXFileReference; fileEncoding = 4; lastKnownFileType = sourcecode.swift; path = AuthManager.swift; sourceTree = "<group>"; };
		897299AD26D8082A00F5E319 /* HTTPRequest.swift */ = {isa = PBXFileReference; fileEncoding = 4; lastKnownFileType = sourcecode.swift; path = HTTPRequest.swift; sourceTree = "<group>"; };
		E2310CAA26D94F6B00EE74EF /* NetworkManager.swift */ = {isa = PBXFileReference; lastKnownFileType = sourcecode.swift; path = NetworkManager.swift; sourceTree = "<group>"; };
		E2310CAD26D94FF000EE74EF /* ImageLoader.swift */ = {isa = PBXFileReference; lastKnownFileType = sourcecode.swift; path = ImageLoader.swift; sourceTree = "<group>"; };
		E2310CB026D96D3400EE74EF /* Collection+Choose.swift */ = {isa = PBXFileReference; lastKnownFileType = sourcecode.swift; path = "Collection+Choose.swift"; sourceTree = "<group>"; };
		E238252B26D6C7770079D45C /* widgetTest.entitlements */ = {isa = PBXFileReference; lastKnownFileType = text.plist.entitlements; path = widgetTest.entitlements; sourceTree = "<group>"; };
		E238253026D6CB760079D45C /* myWidgetExtension.appex */ = {isa = PBXFileReference; explicitFileType = "wrapper.app-extension"; includeInIndex = 0; path = myWidgetExtension.appex; sourceTree = BUILT_PRODUCTS_DIR; };
		E238253226D6CB760079D45C /* WidgetKit.framework */ = {isa = PBXFileReference; lastKnownFileType = wrapper.framework; name = WidgetKit.framework; path = System/Library/Frameworks/WidgetKit.framework; sourceTree = SDKROOT; };
		E238253426D6CB760079D45C /* SwiftUI.framework */ = {isa = PBXFileReference; lastKnownFileType = wrapper.framework; name = SwiftUI.framework; path = System/Library/Frameworks/SwiftUI.framework; sourceTree = SDKROOT; };
		E238253726D6CB760079D45C /* myWidget.swift */ = {isa = PBXFileReference; lastKnownFileType = sourcecode.swift; path = myWidget.swift; sourceTree = "<group>"; };
		E238253926D6CB760079D45C /* myWidget.intentdefinition */ = {isa = PBXFileReference; lastKnownFileType = file.intentdefinition; path = myWidget.intentdefinition; sourceTree = "<group>"; };
		E238253A26D6CB770079D45C /* Assets.xcassets */ = {isa = PBXFileReference; lastKnownFileType = folder.assetcatalog; path = Assets.xcassets; sourceTree = "<group>"; };
		E238253C26D6CB770079D45C /* Info.plist */ = {isa = PBXFileReference; lastKnownFileType = text.plist.xml; path = Info.plist; sourceTree = "<group>"; };
		E238254726D6CCFC0079D45C /* myWidgetExtension.entitlements */ = {isa = PBXFileReference; lastKnownFileType = text.plist.entitlements; path = myWidgetExtension.entitlements; sourceTree = "<group>"; };
		E2D3ACCF26D55DF90096DFCB /* widgetTest.app */ = {isa = PBXFileReference; explicitFileType = wrapper.application; includeInIndex = 0; path = widgetTest.app; sourceTree = BUILT_PRODUCTS_DIR; };
		E2D3ACD226D55DF90096DFCB /* widgetTestApp.swift */ = {isa = PBXFileReference; lastKnownFileType = sourcecode.swift; path = widgetTestApp.swift; sourceTree = "<group>"; };
		E2D3ACD426D55DF90096DFCB /* ContentView.swift */ = {isa = PBXFileReference; lastKnownFileType = sourcecode.swift; path = ContentView.swift; sourceTree = "<group>"; };
		E2D3ACD626D55DFA0096DFCB /* Assets.xcassets */ = {isa = PBXFileReference; lastKnownFileType = folder.assetcatalog; path = Assets.xcassets; sourceTree = "<group>"; };
		E2D3ACD926D55DFA0096DFCB /* Preview Assets.xcassets */ = {isa = PBXFileReference; lastKnownFileType = folder.assetcatalog; path = "Preview Assets.xcassets"; sourceTree = "<group>"; };
		E2D3ACDB26D55DFA0096DFCB /* Info.plist */ = {isa = PBXFileReference; lastKnownFileType = text.plist.xml; path = Info.plist; sourceTree = "<group>"; };
/* End PBXFileReference section */

/* Begin PBXFrameworksBuildPhase section */
		E238252D26D6CB760079D45C /* Frameworks */ = {
			isa = PBXFrameworksBuildPhase;
			buildActionMask = 2147483647;
			files = (
				E238253526D6CB760079D45C /* SwiftUI.framework in Frameworks */,
				E238253326D6CB760079D45C /* WidgetKit.framework in Frameworks */,
			);
			runOnlyForDeploymentPostprocessing = 0;
		};
		E2D3ACCC26D55DF90096DFCB /* Frameworks */ = {
			isa = PBXFrameworksBuildPhase;
			buildActionMask = 2147483647;
			files = (
			);
			runOnlyForDeploymentPostprocessing = 0;
		};
/* End PBXFrameworksBuildPhase section */

/* Begin PBXGroup section */
		8972999C26D8076D00F5E319 /* Services */ = {
			isa = PBXGroup;
			children = (
				897299AD26D8082A00F5E319 /* HTTPRequest.swift */,
				897299AC26D8082A00F5E319 /* AuthManager.swift */,
				E2310CAA26D94F6B00EE74EF /* NetworkManager.swift */,
			);
			path = Services;
			sourceTree = "<group>";
		};
		8972999D26D8077D00F5E319 /* Models */ = {
			isa = PBXGroup;
			children = (
				897299A026D807F800F5E319 /* ArtworkResponse.swift */,
				897299A126D807F800F5E319 /* GameResponse.swift */,
				8972999F26D807F800F5E319 /* LoginResponse.swift */,
			);
			path = Models;
			sourceTree = "<group>";
		};
		8972999E26D807A100F5E319 /* Routes */ = {
			isa = PBXGroup;
			children = (
				897299A826D8080D00F5E319 /* IGDBRoutes.swift */,
				897299A926D8080D00F5E319 /* Routable.swift */,
			);
			path = Routes;
			sourceTree = "<group>";
		};
		E2310CAF26D96D2200EE74EF /* Extensions */ = {
			isa = PBXGroup;
			children = (
				E2310CB026D96D3400EE74EF /* Collection+Choose.swift */,
			);
			path = Extensions;
			sourceTree = "<group>";
		};
		E238253126D6CB760079D45C /* Frameworks */ = {
			isa = PBXGroup;
			children = (
				E238253226D6CB760079D45C /* WidgetKit.framework */,
				E238253426D6CB760079D45C /* SwiftUI.framework */,
			);
			name = Frameworks;
			sourceTree = "<group>";
		};
		E238253626D6CB760079D45C /* myWidget */ = {
			isa = PBXGroup;
			children = (
				E238253726D6CB760079D45C /* myWidget.swift */,
				E238253926D6CB760079D45C /* myWidget.intentdefinition */,
				E238253A26D6CB770079D45C /* Assets.xcassets */,
				E238253C26D6CB770079D45C /* Info.plist */,
			);
			path = myWidget;
			sourceTree = "<group>";
		};
		E2D3ACC626D55DF90096DFCB = {
			isa = PBXGroup;
			children = (
				E238254726D6CCFC0079D45C /* myWidgetExtension.entitlements */,
				E2D3ACD126D55DF90096DFCB /* widgetTest */,
				E238253626D6CB760079D45C /* myWidget */,
				E238253126D6CB760079D45C /* Frameworks */,
				E2D3ACD026D55DF90096DFCB /* Products */,
			);
			sourceTree = "<group>";
		};
		E2D3ACD026D55DF90096DFCB /* Products */ = {
			isa = PBXGroup;
			children = (
				E2D3ACCF26D55DF90096DFCB /* widgetTest.app */,
				E238253026D6CB760079D45C /* myWidgetExtension.appex */,
			);
			name = Products;
			sourceTree = "<group>";
		};
		E2D3ACD126D55DF90096DFCB /* widgetTest */ = {
			isa = PBXGroup;
			children = (
				E2310CAF26D96D2200EE74EF /* Extensions */,
				E238252B26D6C7770079D45C /* widgetTest.entitlements */,
				E2D3ACD226D55DF90096DFCB /* widgetTestApp.swift */,
				E2310CAD26D94FF000EE74EF /* ImageLoader.swift */,
				E2D3ACD426D55DF90096DFCB /* ContentView.swift */,
				8972999C26D8076D00F5E319 /* Services */,
				8972999D26D8077D00F5E319 /* Models */,
				8972999E26D807A100F5E319 /* Routes */,
				E2D3ACD626D55DFA0096DFCB /* Assets.xcassets */,
				E2D3ACDB26D55DFA0096DFCB /* Info.plist */,
				E2D3ACD826D55DFA0096DFCB /* Preview Content */,
			);
			path = widgetTest;
			sourceTree = "<group>";
		};
		E2D3ACD826D55DFA0096DFCB /* Preview Content */ = {
			isa = PBXGroup;
			children = (
				E2D3ACD926D55DFA0096DFCB /* Preview Assets.xcassets */,
			);
			path = "Preview Content";
			sourceTree = "<group>";
		};
/* End PBXGroup section */

/* Begin PBXNativeTarget section */
		E238252F26D6CB760079D45C /* myWidgetExtension */ = {
			isa = PBXNativeTarget;
			buildConfigurationList = E238254226D6CB770079D45C /* Build configuration list for PBXNativeTarget "myWidgetExtension" */;
			buildPhases = (
				E238252C26D6CB760079D45C /* Sources */,
				E238252D26D6CB760079D45C /* Frameworks */,
				E238252E26D6CB760079D45C /* Resources */,
			);
			buildRules = (
			);
			dependencies = (
			);
			name = myWidgetExtension;
			productName = myWidgetExtension;
			productReference = E238253026D6CB760079D45C /* myWidgetExtension.appex */;
			productType = "com.apple.product-type.app-extension";
		};
		E2D3ACCE26D55DF90096DFCB /* widgetTest */ = {
			isa = PBXNativeTarget;
			buildConfigurationList = E2D3ACDE26D55DFA0096DFCB /* Build configuration list for PBXNativeTarget "widgetTest" */;
			buildPhases = (
				E2D3ACCB26D55DF90096DFCB /* Sources */,
				E2D3ACCC26D55DF90096DFCB /* Frameworks */,
				E2D3ACCD26D55DF90096DFCB /* Resources */,
				E238254526D6CB770079D45C /* Embed App Extensions */,
			);
			buildRules = (
			);
			dependencies = (
				E238254026D6CB770079D45C /* PBXTargetDependency */,
			);
			name = widgetTest;
			productName = widgetTest;
			productReference = E2D3ACCF26D55DF90096DFCB /* widgetTest.app */;
			productType = "com.apple.product-type.application";
		};
/* End PBXNativeTarget section */

/* Begin PBXProject section */
		E2D3ACC726D55DF90096DFCB /* Project object */ = {
			isa = PBXProject;
			attributes = {
				LastSwiftUpdateCheck = 1250;
				LastUpgradeCheck = 1250;
				TargetAttributes = {
					E238252F26D6CB760079D45C = {
						CreatedOnToolsVersion = 12.5.1;
					};
					E2D3ACCE26D55DF90096DFCB = {
						CreatedOnToolsVersion = 12.5.1;
					};
				};
			};
			buildConfigurationList = E2D3ACCA26D55DF90096DFCB /* Build configuration list for PBXProject "widgetTest" */;
			compatibilityVersion = "Xcode 9.3";
			developmentRegion = en;
			hasScannedForEncodings = 0;
			knownRegions = (
				en,
				Base,
			);
			mainGroup = E2D3ACC626D55DF90096DFCB;
			productRefGroup = E2D3ACD026D55DF90096DFCB /* Products */;
			projectDirPath = "";
			projectRoot = "";
			targets = (
				E2D3ACCE26D55DF90096DFCB /* widgetTest */,
				E238252F26D6CB760079D45C /* myWidgetExtension */,
			);
		};
/* End PBXProject section */

/* Begin PBXResourcesBuildPhase section */
		E238252E26D6CB760079D45C /* Resources */ = {
			isa = PBXResourcesBuildPhase;
			buildActionMask = 2147483647;
			files = (
				E2700FA726D973A0000C710D /* Assets.xcassets in Resources */,
				E238253B26D6CB770079D45C /* Assets.xcassets in Resources */,
			);
			runOnlyForDeploymentPostprocessing = 0;
		};
		E2D3ACCD26D55DF90096DFCB /* Resources */ = {
			isa = PBXResourcesBuildPhase;
			buildActionMask = 2147483647;
			files = (
				E2D3ACDA26D55DFA0096DFCB /* Preview Assets.xcassets in Resources */,
				E2D3ACD726D55DFA0096DFCB /* Assets.xcassets in Resources */,
			);
			runOnlyForDeploymentPostprocessing = 0;
		};
/* End PBXResourcesBuildPhase section */

/* Begin PBXSourcesBuildPhase section */
		E238252C26D6CB760079D45C /* Sources */ = {
			isa = PBXSourcesBuildPhase;
			buildActionMask = 2147483647;
			files = (
				E2310CA126D9469700EE74EF /* AuthManager.swift in Sources */,
				E2310CA226D9469B00EE74EF /* LoginResponse.swift in Sources */,
				E238253D26D6CB770079D45C /* myWidget.intentdefinition in Sources */,
				E2310CAC26D94F7400EE74EF /* NetworkManager.swift in Sources */,
				E2310C9E26D9458300EE74EF /* HTTPRequest.swift in Sources */,
				E2310CA026D9459000EE74EF /* IGDBRoutes.swift in Sources */,
				E2310C9F26D9458700EE74EF /* ArtworkResponse.swift in Sources */,
				E262388E26D8EC4E00AC6873 /* GameResponse.swift in Sources */,
				E238253826D6CB760079D45C /* myWidget.swift in Sources */,
				E2310CA326D9469E00EE74EF /* Routable.swift in Sources */,
				E2310CB226D96DD100EE74EF /* Collection+Choose.swift in Sources */,
			);
			runOnlyForDeploymentPostprocessing = 0;
		};
		E2D3ACCB26D55DF90096DFCB /* Sources */ = {
			isa = PBXSourcesBuildPhase;
			buildActionMask = 2147483647;
			files = (
				E2310CAB26D94F6B00EE74EF /* NetworkManager.swift in Sources */,
				E238253E26D6CB770079D45C /* myWidget.intentdefinition in Sources */,
				E2310CAE26D94FF000EE74EF /* ImageLoader.swift in Sources */,
				E2310CB126D96D3500EE74EF /* Collection+Choose.swift in Sources */,
				897299A226D807F800F5E319 /* LoginResponse.swift in Sources */,
				897299A426D807F900F5E319 /* ArtworkResponse.swift in Sources */,
				E2D3ACD526D55DF90096DFCB /* ContentView.swift in Sources */,
				E2D3ACD326D55DF90096DFCB /* widgetTestApp.swift in Sources */,
				897299AA26D8080D00F5E319 /* IGDBRoutes.swift in Sources */,
				897299A626D807F900F5E319 /* GameResponse.swift in Sources */,
				897299AE26D8082A00F5E319 /* AuthManager.swift in Sources */,
				897299AF26D8082A00F5E319 /* HTTPRequest.swift in Sources */,
				897299AB26D8080D00F5E319 /* Routable.swift in Sources */,
			);
			runOnlyForDeploymentPostprocessing = 0;
		};
/* End PBXSourcesBuildPhase section */

/* Begin PBXTargetDependency section */
		E238254026D6CB770079D45C /* PBXTargetDependency */ = {
			isa = PBXTargetDependency;
			target = E238252F26D6CB760079D45C /* myWidgetExtension */;
			targetProxy = E238253F26D6CB770079D45C /* PBXContainerItemProxy */;
		};
/* End PBXTargetDependency section */

/* Begin XCBuildConfiguration section */
		E238254326D6CB770079D45C /* Debug */ = {
			isa = XCBuildConfiguration;
			buildSettings = {
				ASSETCATALOG_COMPILER_GLOBAL_ACCENT_COLOR_NAME = AccentColor;
				ASSETCATALOG_COMPILER_WIDGET_BACKGROUND_COLOR_NAME = WidgetBackground;
				CODE_SIGN_ENTITLEMENTS = myWidgetExtension.entitlements;
				CODE_SIGN_STYLE = Automatic;
				DEVELOPMENT_TEAM = 92FPV96TF2;
				INFOPLIST_FILE = myWidget/Info.plist;
				LD_RUNPATH_SEARCH_PATHS = (
					"$(inherited)",
					"@executable_path/Frameworks",
					"@executable_path/../../Frameworks",
				);
				PRODUCT_BUNDLE_IDENTIFIER = com.felipenishino.widgetTest.myWidget;
				PRODUCT_NAME = "$(TARGET_NAME)";
				SKIP_INSTALL = YES;
				SWIFT_VERSION = 5.0;
				TARGETED_DEVICE_FAMILY = "1,2";
			};
			name = Debug;
		};
		E238254426D6CB770079D45C /* Release */ = {
			isa = XCBuildConfiguration;
			buildSettings = {
				ASSETCATALOG_COMPILER_GLOBAL_ACCENT_COLOR_NAME = AccentColor;
				ASSETCATALOG_COMPILER_WIDGET_BACKGROUND_COLOR_NAME = WidgetBackground;
				CODE_SIGN_ENTITLEMENTS = myWidgetExtension.entitlements;
				CODE_SIGN_STYLE = Automatic;
				DEVELOPMENT_TEAM = 92FPV96TF2;
				INFOPLIST_FILE = myWidget/Info.plist;
				LD_RUNPATH_SEARCH_PATHS = (
					"$(inherited)",
					"@executable_path/Frameworks",
					"@executable_path/../../Frameworks",
				);
				PRODUCT_BUNDLE_IDENTIFIER = com.felipenishino.widgetTest.myWidget;
				PRODUCT_NAME = "$(TARGET_NAME)";
				SKIP_INSTALL = YES;
				SWIFT_VERSION = 5.0;
				TARGETED_DEVICE_FAMILY = "1,2";
			};
			name = Release;
		};
		E2D3ACDC26D55DFA0096DFCB /* Debug */ = {
			isa = XCBuildConfiguration;
			buildSettings = {
				ALWAYS_SEARCH_USER_PATHS = NO;
				CLANG_ANALYZER_NONNULL = YES;
				CLANG_ANALYZER_NUMBER_OBJECT_CONVERSION = YES_AGGRESSIVE;
				CLANG_CXX_LANGUAGE_STANDARD = "gnu++14";
				CLANG_CXX_LIBRARY = "libc++";
				CLANG_ENABLE_MODULES = YES;
				CLANG_ENABLE_OBJC_ARC = YES;
				CLANG_ENABLE_OBJC_WEAK = YES;
				CLANG_WARN_BLOCK_CAPTURE_AUTORELEASING = YES;
				CLANG_WARN_BOOL_CONVERSION = YES;
				CLANG_WARN_COMMA = YES;
				CLANG_WARN_CONSTANT_CONVERSION = YES;
				CLANG_WARN_DEPRECATED_OBJC_IMPLEMENTATIONS = YES;
				CLANG_WARN_DIRECT_OBJC_ISA_USAGE = YES_ERROR;
				CLANG_WARN_DOCUMENTATION_COMMENTS = YES;
				CLANG_WARN_EMPTY_BODY = YES;
				CLANG_WARN_ENUM_CONVERSION = YES;
				CLANG_WARN_INFINITE_RECURSION = YES;
				CLANG_WARN_INT_CONVERSION = YES;
				CLANG_WARN_NON_LITERAL_NULL_CONVERSION = YES;
				CLANG_WARN_OBJC_IMPLICIT_RETAIN_SELF = YES;
				CLANG_WARN_OBJC_LITERAL_CONVERSION = YES;
				CLANG_WARN_OBJC_ROOT_CLASS = YES_ERROR;
				CLANG_WARN_QUOTED_INCLUDE_IN_FRAMEWORK_HEADER = YES;
				CLANG_WARN_RANGE_LOOP_ANALYSIS = YES;
				CLANG_WARN_STRICT_PROTOTYPES = YES;
				CLANG_WARN_SUSPICIOUS_MOVE = YES;
				CLANG_WARN_UNGUARDED_AVAILABILITY = YES_AGGRESSIVE;
				CLANG_WARN_UNREACHABLE_CODE = YES;
				CLANG_WARN__DUPLICATE_METHOD_MATCH = YES;
				COPY_PHASE_STRIP = NO;
				DEBUG_INFORMATION_FORMAT = dwarf;
				ENABLE_STRICT_OBJC_MSGSEND = YES;
				ENABLE_TESTABILITY = YES;
				GCC_C_LANGUAGE_STANDARD = gnu11;
				GCC_DYNAMIC_NO_PIC = NO;
				GCC_NO_COMMON_BLOCKS = YES;
				GCC_OPTIMIZATION_LEVEL = 0;
				GCC_PREPROCESSOR_DEFINITIONS = (
					"DEBUG=1",
					"$(inherited)",
				);
				GCC_WARN_64_TO_32_BIT_CONVERSION = YES;
				GCC_WARN_ABOUT_RETURN_TYPE = YES_ERROR;
				GCC_WARN_UNDECLARED_SELECTOR = YES;
				GCC_WARN_UNINITIALIZED_AUTOS = YES_AGGRESSIVE;
				GCC_WARN_UNUSED_FUNCTION = YES;
				GCC_WARN_UNUSED_VARIABLE = YES;
				IPHONEOS_DEPLOYMENT_TARGET = 14.5;
				MTL_ENABLE_DEBUG_INFO = INCLUDE_SOURCE;
				MTL_FAST_MATH = YES;
				ONLY_ACTIVE_ARCH = YES;
				SDKROOT = iphoneos;
				SWIFT_ACTIVE_COMPILATION_CONDITIONS = DEBUG;
				SWIFT_OPTIMIZATION_LEVEL = "-Onone";
			};
			name = Debug;
		};
		E2D3ACDD26D55DFA0096DFCB /* Release */ = {
			isa = XCBuildConfiguration;
			buildSettings = {
				ALWAYS_SEARCH_USER_PATHS = NO;
				CLANG_ANALYZER_NONNULL = YES;
				CLANG_ANALYZER_NUMBER_OBJECT_CONVERSION = YES_AGGRESSIVE;
				CLANG_CXX_LANGUAGE_STANDARD = "gnu++14";
				CLANG_CXX_LIBRARY = "libc++";
				CLANG_ENABLE_MODULES = YES;
				CLANG_ENABLE_OBJC_ARC = YES;
				CLANG_ENABLE_OBJC_WEAK = YES;
				CLANG_WARN_BLOCK_CAPTURE_AUTORELEASING = YES;
				CLANG_WARN_BOOL_CONVERSION = YES;
				CLANG_WARN_COMMA = YES;
				CLANG_WARN_CONSTANT_CONVERSION = YES;
				CLANG_WARN_DEPRECATED_OBJC_IMPLEMENTATIONS = YES;
				CLANG_WARN_DIRECT_OBJC_ISA_USAGE = YES_ERROR;
				CLANG_WARN_DOCUMENTATION_COMMENTS = YES;
				CLANG_WARN_EMPTY_BODY = YES;
				CLANG_WARN_ENUM_CONVERSION = YES;
				CLANG_WARN_INFINITE_RECURSION = YES;
				CLANG_WARN_INT_CONVERSION = YES;
				CLANG_WARN_NON_LITERAL_NULL_CONVERSION = YES;
				CLANG_WARN_OBJC_IMPLICIT_RETAIN_SELF = YES;
				CLANG_WARN_OBJC_LITERAL_CONVERSION = YES;
				CLANG_WARN_OBJC_ROOT_CLASS = YES_ERROR;
				CLANG_WARN_QUOTED_INCLUDE_IN_FRAMEWORK_HEADER = YES;
				CLANG_WARN_RANGE_LOOP_ANALYSIS = YES;
				CLANG_WARN_STRICT_PROTOTYPES = YES;
				CLANG_WARN_SUSPICIOUS_MOVE = YES;
				CLANG_WARN_UNGUARDED_AVAILABILITY = YES_AGGRESSIVE;
				CLANG_WARN_UNREACHABLE_CODE = YES;
				CLANG_WARN__DUPLICATE_METHOD_MATCH = YES;
				COPY_PHASE_STRIP = NO;
				DEBUG_INFORMATION_FORMAT = "dwarf-with-dsym";
				ENABLE_NS_ASSERTIONS = NO;
				ENABLE_STRICT_OBJC_MSGSEND = YES;
				GCC_C_LANGUAGE_STANDARD = gnu11;
				GCC_NO_COMMON_BLOCKS = YES;
				GCC_WARN_64_TO_32_BIT_CONVERSION = YES;
				GCC_WARN_ABOUT_RETURN_TYPE = YES_ERROR;
				GCC_WARN_UNDECLARED_SELECTOR = YES;
				GCC_WARN_UNINITIALIZED_AUTOS = YES_AGGRESSIVE;
				GCC_WARN_UNUSED_FUNCTION = YES;
				GCC_WARN_UNUSED_VARIABLE = YES;
				IPHONEOS_DEPLOYMENT_TARGET = 14.5;
				MTL_ENABLE_DEBUG_INFO = NO;
				MTL_FAST_MATH = YES;
				SDKROOT = iphoneos;
				SWIFT_COMPILATION_MODE = wholemodule;
				SWIFT_OPTIMIZATION_LEVEL = "-O";
				VALIDATE_PRODUCT = YES;
			};
			name = Release;
		};
		E2D3ACDF26D55DFA0096DFCB /* Debug */ = {
			isa = XCBuildConfiguration;
			buildSettings = {
				ALWAYS_EMBED_SWIFT_STANDARD_LIBRARIES = YES;
				ASSETCATALOG_COMPILER_APPICON_NAME = AppIcon;
				ASSETCATALOG_COMPILER_GLOBAL_ACCENT_COLOR_NAME = AccentColor;
				CODE_SIGN_ENTITLEMENTS = widgetTest/widgetTest.entitlements;
				CODE_SIGN_STYLE = Automatic;
				DEVELOPMENT_ASSET_PATHS = "\"widgetTest/Preview Content\"";
				DEVELOPMENT_TEAM = 92FPV96TF2;
				ENABLE_PREVIEWS = YES;
				INFOPLIST_FILE = widgetTest/Info.plist;
				IPHONEOS_DEPLOYMENT_TARGET = 14.0;
				LD_RUNPATH_SEARCH_PATHS = (
					"$(inherited)",
					"@executable_path/Frameworks",
				);
				PRODUCT_BUNDLE_IDENTIFIER = com.felipenishino.widgetTest;
				PRODUCT_NAME = "$(TARGET_NAME)";
				SWIFT_VERSION = 5.0;
				TARGETED_DEVICE_FAMILY = "1,2";
			};
			name = Debug;
		};
		E2D3ACE026D55DFA0096DFCB /* Release */ = {
			isa = XCBuildConfiguration;
			buildSettings = {
				ALWAYS_EMBED_SWIFT_STANDARD_LIBRARIES = YES;
				ASSETCATALOG_COMPILER_APPICON_NAME = AppIcon;
				ASSETCATALOG_COMPILER_GLOBAL_ACCENT_COLOR_NAME = AccentColor;
				CODE_SIGN_ENTITLEMENTS = widgetTest/widgetTest.entitlements;
				CODE_SIGN_STYLE = Automatic;
				DEVELOPMENT_ASSET_PATHS = "\"widgetTest/Preview Content\"";
				DEVELOPMENT_TEAM = 92FPV96TF2;
				ENABLE_PREVIEWS = YES;
				INFOPLIST_FILE = widgetTest/Info.plist;
				IPHONEOS_DEPLOYMENT_TARGET = 14.0;
				LD_RUNPATH_SEARCH_PATHS = (
					"$(inherited)",
					"@executable_path/Frameworks",
				);
				PRODUCT_BUNDLE_IDENTIFIER = com.felipenishino.widgetTest;
				PRODUCT_NAME = "$(TARGET_NAME)";
				SWIFT_VERSION = 5.0;
				TARGETED_DEVICE_FAMILY = "1,2";
			};
			name = Release;
		};
/* End XCBuildConfiguration section */

/* Begin XCConfigurationList section */
		E238254226D6CB770079D45C /* Build configuration list for PBXNativeTarget "myWidgetExtension" */ = {
			isa = XCConfigurationList;
			buildConfigurations = (
				E238254326D6CB770079D45C /* Debug */,
				E238254426D6CB770079D45C /* Release */,
			);
			defaultConfigurationIsVisible = 0;
			defaultConfigurationName = Release;
		};
		E2D3ACCA26D55DF90096DFCB /* Build configuration list for PBXProject "widgetTest" */ = {
			isa = XCConfigurationList;
			buildConfigurations = (
				E2D3ACDC26D55DFA0096DFCB /* Debug */,
				E2D3ACDD26D55DFA0096DFCB /* Release */,
			);
			defaultConfigurationIsVisible = 0;
			defaultConfigurationName = Release;
		};
		E2D3ACDE26D55DFA0096DFCB /* Build configuration list for PBXNativeTarget "widgetTest" */ = {
			isa = XCConfigurationList;
			buildConfigurations = (
				E2D3ACDF26D55DFA0096DFCB /* Debug */,
				E2D3ACE026D55DFA0096DFCB /* Release */,
			);
			defaultConfigurationIsVisible = 0;
			defaultConfigurationName = Release;
		};
/* End XCConfigurationList section */
	};
	rootObject = E2D3ACC726D55DF90096DFCB /* Project object */;
}
